# AUTO-GENERATED — do not edit by hand.
#
# Mirrors the migration ids in packages/db/src/manifest.ts so that adding a
# migration changes a file inside this component's directory. orun's --changed
# planner keys db-migrate off THIS directory (not packages/db), so without this
# stamp a new migration never schedules the plan/apply and never reaches the
# live database. Regenerate with: pnpm --filter @saas/db gen:migrations-lock
# Enforced by tests/db/src/migrations.test.ts.
000_control_baseline
010_identity_core
020_membership_core
030_events_audit_core
040_projects_core
050_identity_security_events
060_identity_api_keys
070_config_settings_flags
080_webhooks_core
090_webhooks_delivery
100_metering_foundation
110_billing_foundation
120_notifications_core
130_webhook_secret_rotation_grace
140_support_action_records
150_entitlement_decision_observations
160_identity_user_last_org
170_membership_org_parent
180_integrations_foundation
190_integrations_delivery_attribution
200_work_foundation
210_resources_runtime_foundation
220_state_foundation
230_identity_cli_sessions
240_identity_cli_refresh_grace
250_state_refs
260_state_link_provider
270_state_link_ci_settings
280_events_scm_ingest_index
290_state_scm_triggers
300_state_link_bijection
310_events_run_result_index
320_state_run_writeback_cursor
330_state_org_catalog_index
340_projects_environment_activity
350_state_run_last_seq
360_state_runs_org_index
370_state_catalog_portal_fields
380_integrations_repo_single_claim
390_integrations_connection_scope
400_integrations_admission
410_membership_org_public_ref
420_membership_account_rbac
430_config_account_scope
440_membership_teams
450_membership_invitation_email_index
460_state_repo_facet
470_config_secret_manager
480_config_secret_deks
490_work_teardown
500_config_secret_policies
510_config_secret_syncs
520_config_secret_rotation_reminder
530_membership_teams_foundation
540_membership_team_roles
550_membership_team_owner_handles
560_work_foundation_v2
570_state_catalog_projection
580_event_streams_foundation
